
Microsoft Visual Studio Solution File, Format Version 12.00
# Visual Studio Version 16
VisualStudioVersion = 16.0.29025.244
MinimumVisualStudioVersion = 10.0.40219.1
Project("{9A19103F-16F7-4668-BE54-9A1E7A4F7556}") = "CommandLineParser", "CommandLineParser\CommandLineParser.csproj", "{7B36C92A-F7F7-4B6B-8052-076C00CCA0BE}"
EndProject
Project("{FAE04EC0-301F-11D3-BF4B-00C04F79EFBC}") = "CommandLineParser.Tests", "CommandLineParser.Tests\CommandLineParser.Tests.csproj", "{529A40C0-9F48-47BB-BFCE-495C306D89B3}"
EndProject
Global
	GlobalSection(SolutionConfigurationPlatforms) = preSolution
		Debug|Any CPU = Debug|Any CPU
		Release|Any CPU = Release|Any CPU
	EndGlobalSection
	GlobalSection(ProjectConfigurationPlatforms) = postSolution
		{7B36C92A-F7F7-4B6B-8052-076C00CCA0BE}.Debug|Any CPU.ActiveCfg = Debug|Any CPU
		{7B36C92A-F7F7-4B6B-8052-076C00CCA0BE}.Debug|Any CPU.Build.0 = Debug|Any CPU
		{7B36C92A-F7F7-4B6B-8052-076C00CCA0BE}.Release|Any CPU.ActiveCfg = Release|Any CPU
		{7B36C92A-F7F7-4B6B-8052-076C00CCA0BE}.Release|Any CPU.Build.0 = Release|Any CPU
		{529A40C0-9F48-47BB-BFCE-495C306D89B3}.Debug|Any CPU.ActiveCfg = Debug|Any CPU
		{529A40C0-9F48-47BB-BFCE-495C306D89B3}.Debug|Any CPU.Build.0 = Debug|Any CPU
		{529A40C0-9F48-47BB-BFCE-495C306D89B3}.Release|Any CPU.ActiveCfg = Release|Any CPU
		{529A40C0-9F48-47BB-BFCE-495C306D89B3}.Release|Any CPU.Build.0 = Release|Any CPU
	EndGlobalSection
	GlobalSection(SolutionProperties) = preSolution
		HideSolutionNode = FALSE
	EndGlobalSection
	GlobalSection(ExtensibilityGlobals) = postSolution
		SolutionGuid = {55CAFE15-0D4A-4256-A783-9A7AF0786475}
	EndGlobalSection
EndGlobal
